{
  "name": "16s_magic_girl",
  "lockfileVersion": 3,
  "requires": true,
  "packages": {
    "": {
      "dependencies": {
        "apifm-wxapi": "^3.61.0",
        "vant-weapp": "^0.5.29"
      }
    },
    "node_modules/apifm-wxapi": {
      "version": "3.61.0",
      "resolved": "https://registry.npmjs.org/apifm-wxapi/-/apifm-wxapi-3.61.0.tgz",
      "integrity": "sha512-1dPZDgyoad/6k98s3nZeiLTHWmU0I2CfHpf6fV2DHnSQlCqpoYFprSq1zwnjWKz8L99PKa1tFst0jw6KK/XCeQ=="
    },
    "node_modules/vant-weapp": {
      "version": "0.5.29",
      "resolved": "https://registry.npmjs.org/vant-weapp/-/vant-weapp-0.5.29.tgz",
      "integrity": "sha512-RMc0Ga914XFwspw2WuOMU8bOHlIkua8X1DoQ/KPnGQzjwT1uEL4S7W186EmaHF1wN2krB9BVd0LdRRt39dGh6Q=="
    }
  }
}
